
Microsoft Visual Studio Solution File, Format Version 12.00
# Visual Studio Version 17
VisualStudioVersion = 17.4.33213.308
MinimumVisualStudioVersion = 10.0.40219.1
Project("{FAE04EC0-301F-11D3-BF4B-00C04F79EFBC}") = "PolimorfismoPorSobrecarga", "PolimorfismoPorSobrecarga\PolimorfismoPorSobrecarga.csproj", "{04E69467-FE11-439D-B300-D60758F7C12A}"
EndProject
Global
	GlobalSection(SolutionConfigurationPlatforms) = preSolution
		Debug|Any CPU = Debug|Any CPU
		Release|Any CPU = Release|Any CPU
	EndGlobalSection
	GlobalSection(ProjectConfigurationPlatforms) = postSolution
		{04E69467-FE11-439D-B300-D60758F7C12A}.Debug|Any CPU.ActiveCfg = Debug|Any CPU
		{04E69467-FE11-439D-B300-D60758F7C12A}.Debug|Any CPU.Build.0 = Debug|Any CPU
		{04E69467-FE11-439D-B300-D60758F7C12A}.Release|Any CPU.ActiveCfg = Release|Any CPU
		{04E69467-FE11-439D-B300-D60758F7C12A}.Release|Any CPU.Build.0 = Release|Any CPU
	EndGlobalSection
	GlobalSection(SolutionProperties) = preSolution
		HideSolutionNode = FALSE
	EndGlobalSection
	GlobalSection(ExtensibilityGlobals) = postSolution
		SolutionGuid = {B5094886-1ED2-487C-BCCC-B38E5B4B216A}
	EndGlobalSection
EndGlobal
